<?xml version="1.0" encoding="utf-8"?>
<Project ToolsVersion="4.0" xmlns="http://schemas.microsoft.com/developer/msbuild/2003">
  <ItemGroup>
    <ClCompile Include="main.cpp">
      <Filter>win32</Filter>
    </ClCompile>
    <ClCompile Include="..\Classes\AppDelegate.cpp">
      <Filter>Classes</Filter>
    </ClCompile>
    <ClCompile Include="..\Classes\Client.cpp">
      <Filter>Classes</Filter>
    </ClCompile>
    <ClCompile Include="..\Classes\ConnectLayer.cpp">
      <Filter>Classes</Filter>
    </ClCompile>
    <ClCompile Include="..\Classes\CustomTableViewDataSource.cpp">
      <Filter>Classes</Filter>
    </ClCompile>
    <ClCompile Include="..\Classes\ErrorLayer.cpp">
      <Filter>Classes</Filter>
    </ClCompile>
    <ClCompile Include="..\Classes\LocalHero.cpp">
      <Filter>Classes</Filter>
    </ClCompile>
    <ClCompile Include="..\Classes\MainGUILayer.cpp">
      <Filter>Classes</Filter>
    </ClCompile>
    <ClCompile Include="..\Classes\MainLayer.cpp">
      <Filter>Classes</Filter>
    </ClCompile>
    <ClCompile Include="..\Classes\RemoteHero_C.cpp">
      <Filter>Classes</Filter>
    </ClCompile>
    <ClCompile Include="..\Classes\World.cpp">
      <Filter>Classes</Filter>
    </ClCompile>
    <ClCompile Include="..\Classes\stdafx.cpp">
      <Filter>Classes</Filter>
    </ClCompile>
  </ItemGroup>
  <ItemGroup>
    <ClInclude Include="main.h">
      <Filter>win32</Filter>
    </ClInclude>
    <ClInclude Include="..\Classes\World.h">
      <Filter>Classes</Filter>
    </ClInclude>
    <ClInclude Include="..\Classes\AppDelegate.h">
      <Filter>Classes</Filter>
    </ClInclude>
    <ClInclude Include="..\Classes\Client.h">
      <Filter>Classes</Filter>
    </ClInclude>
    <ClInclude Include="..\Classes\ConnectLayer.h">
      <Filter>Classes</Filter>
    </ClInclude>
    <ClInclude Include="..\Classes\CustomTableViewDataSource.h">
      <Filter>Classes</Filter>
    </ClInclude>
    <ClInclude Include="..\Classes\ErrorLayer.h">
      <Filter>Classes</Filter>
    </ClInclude>
    <ClInclude Include="..\Classes\LocalHero.h">
      <Filter>Classes</Filter>
    </ClInclude>
    <ClInclude Include="..\Classes\MainGUILayer.h">
      <Filter>Classes</Filter>
    </ClInclude>
    <ClInclude Include="..\Classes\MainLayer.h">
      <Filter>Classes</Filter>
    </ClInclude>
    <ClInclude Include="..\Classes\RemoteHero_C.h">
      <Filter>Classes</Filter>
    </ClInclude>
    <ClInclude Include="..\Classes\stdafx.h">
      <Filter>Classes</Filter>
    </ClInclude>
  </ItemGroup>
  <ItemGroup>
    <CustomBuild Include="..\Common\SynchWorldC2C.PIDL">
      <Filter>PIDL</Filter>
    </CustomBuild>
    <CustomBuild Include="..\Common\SynchWorldS2C.PIDL">
      <Filter>PIDL</Filter>
    </CustomBuild>
    <CustomBuild Include="..\Common\SynchWorldC2S.PIDL">
      <Filter>PIDL</Filter>
    </CustomBuild>
  </ItemGroup>
  <ItemGroup>
    <Filter Include="PIDL">
      <UniqueIdentifier>{253ad7a5-3e58-4b4a-807e-3e5e99ba543a}</UniqueIdentifier>
    </Filter>
    <Filter Include="win32">
      <UniqueIdentifier>{5d09e905-4993-4481-bc23-822f18690530}</UniqueIdentifier>
    </Filter>
    <Filter Include="Classes">
      <UniqueIdentifier>{83abfe14-6088-42ff-a719-310ba1484d71}</UniqueIdentifier>
    </Filter>
  </ItemGroup>
</Project>